{
  "version": 4,
  "terraform_version": "1.4.5",
  "serial": 78,
  "lineage": "0e6ea87a-d632-7ba4-1f1c-e845b6593992",
  "outputs": {},
  "resources": [
    {
      "mode": "data",
      "type": "ibm_resource_group",
      "name": "rg",
      "provider": "provider[\"registry.terraform.io/ibm-cloud/ibm\"]",
      "instances": [
        {
          "schema_version": 0,
          "attributes": {
            "account_id": "847733f0c04e4162984fbac7d9a02687",
            "created_at": "2023-05-23T13:53:28.404Z",
            "crn": "crn:v1:bluemix:public:resource-controller::a/847733f0c04e4162984fbac7d9a02687::resource-group:0b8e94b052eb4513b73ef414d36cab5f",
            "id": "0b8e94b052eb4513b73ef414d36cab5f",
            "is_default": true,
            "name": "Default",
            "payment_methods_url": null,
            "quota_id": "a3d7b8d01e261c24677937c29ab33f3c",
            "quota_url": "/v2/quota_definitions/a3d7b8d01e261c24677937c29ab33f3c",
            "resource_linkages": [],
            "state": "ACTIVE",
            "teams_url": null,
            "updated_at": "2023-05-25T17:59:36.912Z"
          },
          "sensitive_attributes": []
        }
      ]
    },
    {
      "mode": "managed",
      "type": "docker_image",
      "name": "jlappimage",
      "provider": "provider[\"registry.terraform.io/kreuzwerker/docker\"]",
      "instances": [
        {
          "schema_version": 0,
          "attributes": {
            "build": [
              {
                "auth_config": [],
                "build_arg": {},
                "build_args": {},
                "build_id": "",
                "cache_from": [],
                "cgroup_parent": "",
                "context": "/home/ubuntu/java-liberty-app/code-engine-terraform/java-liberty-app",
                "cpu_period": 0,
                "cpu_quota": 0,
                "cpu_set_cpus": "",
                "cpu_set_mems": "",
                "cpu_shares": 0,
                "dockerfile": "Dockerfile",
                "extra_hosts": [],
                "force_remove": false,
                "isolation": "",
                "label": {},
                "labels": {},
                "memory": 0,
                "memory_swap": 0,
                "network_mode": "",
                "no_cache": false,
                "platform": "",
                "pull_parent": false,
                "remote_context": "",
                "remove": true,
                "security_opt": [],
                "session_id": "",
                "shm_size": 0,
                "squash": false,
                "suppress_output": false,
                "tag": [
                  "private.us.icr.io/my_jlapp_namespace/javalibertyapp-de11:latest",
                  "us.icr.io/my_jlapp_namespace/javalibertyapp-de11:latest"
                ],
                "target": "",
                "ulimit": [],
                "version": ""
              }
            ],
            "force_remove": null,
            "id": "sha256:412e475daf246fa01f71ef54ba2fa11bcd13c5d8b482f1a0e06e5e09ff4cb781us.icr.io/my_jlapp_namespace/javalibertyapp-de11",
            "image_id": "sha256:412e475daf246fa01f71ef54ba2fa11bcd13c5d8b482f1a0e06e5e09ff4cb781",
            "keep_locally": null,
            "name": "us.icr.io/my_jlapp_namespace/javalibertyapp-de11",
            "platform": null,
            "pull_triggers": null,
            "repo_digest": "us.icr.io/my_jlapp_namespace/javalibertyapp-de11@sha256:930d6f83623ec1d9e75fb54097c337b92c3898945fd5af6c093e809f6ebee5e1",
            "triggers": null
          },
          "sensitive_attributes": [],
          "private": "bnVsbA=="
        }
      ]
    },
    {
      "mode": "managed",
      "type": "docker_registry_image",
      "name": "jlapp",
      "provider": "provider[\"registry.terraform.io/kreuzwerker/docker\"]",
      "instances": [
        {
          "schema_version": 0,
          "attributes": {
            "id": "sha256:930d6f83623ec1d9e75fb54097c337b92c3898945fd5af6c093e809f6ebee5e1",
            "insecure_skip_verify": false,
            "keep_remotely": true,
            "name": "us.icr.io/my_jlapp_namespace/javalibertyapp-de11",
            "sha256_digest": "sha256:930d6f83623ec1d9e75fb54097c337b92c3898945fd5af6c093e809f6ebee5e1",
            "triggers": null
          },
          "sensitive_attributes": [],
          "private": "bnVsbA==",
          "dependencies": [
            "docker_image.jlappimage"
          ]
        }
      ]
    },
    {
      "mode": "managed",
      "type": "ibm_code_engine_app",
      "name": "jlapp_app",
      "provider": "provider[\"registry.terraform.io/ibm-cloud/ibm\"]",
      "instances": [
        {
          "schema_version": 0,
          "attributes": {
            "app_id": "30065703-589c-4458-9560-ec2e8832f8ad",
            "created_at": "2023-05-30T19:17:38Z",
            "endpoint": "https://javalibertyapp-de11.133dc7gzay4l.us-south.codeengine.appdomain.cloud",
            "endpoint_internal": "http://javalibertyapp-de11.133dc7gzay4l.svc.cluster.local",
            "entity_tag": "2976563356",
            "etag": "2976563356",
            "href": "https://api.us-south.codeengine.cloud.ibm.com/v2/projects/64025362-8dd4-46dd-a2c8-9373a25ebcc6/apps/javalibertyapp-de11",
            "id": "64025362-8dd4-46dd-a2c8-9373a25ebcc6/javalibertyapp-de11",
            "image_port": 9080,
            "image_reference": "private.us.icr.io/my_jlapp_namespace/javalibertyapp-de11",
            "image_secret": "ce-auto-icr-private-us-south",
            "managed_domain_mappings": "local_public",
            "name": "javalibertyapp-de11",
            "project_id": "64025362-8dd4-46dd-a2c8-9373a25ebcc6",
            "resource_type": "app_v2",
            "run_arguments": null,
            "run_as_user": null,
            "run_commands": null,
            "run_env_variables": [
              {
                "key": "",
                "name": "CE_SUBDOMAIN",
                "prefix": "",
                "reference": "",
                "type": "literal",
                "value": "133dc7gzay4l"
              },
              {
                "key": "",
                "name": "CE_APP",
                "prefix": "",
                "reference": "",
                "type": "literal",
                "value": "javalibertyapp-de11"
              },
              {
                "key": "",
                "name": "CE_DOMAIN",
                "prefix": "",
                "reference": "",
                "type": "literal",
                "value": "us-south.codeengine.appdomain.cloud"
              }
            ],
            "run_service_account": "default",
            "run_volume_mounts": [],
            "scale_concurrency": 100,
            "scale_concurrency_target": null,
            "scale_cpu_limit": "1",
            "scale_ephemeral_storage_limit": "400M",
            "scale_initial_instances": 1,
            "scale_max_instances": 10,
            "scale_memory_limit": "4G",
            "scale_min_instances": 0,
            "scale_request_timeout": 300,
            "status": "ready",
            "status_details": [
              {
                "latest_created_revision": "javalibertyapp-de11-00001",
                "latest_ready_revision": "javalibertyapp-de11-00001",
                "reason": ""
              }
            ],
            "timeouts": null
          },
          "sensitive_attributes": [],
          "private": "eyJlMmJmYjczMC1lY2FhLTExZTYtOGY4OC0zNDM2M2JjN2M0YzAiOnsiY3JlYXRlIjo2MDAwMDAwMDAwMDAsInVwZGF0ZSI6NjAwMDAwMDAwMDAwfX0=",
          "dependencies": [
            "docker_image.jlappimage",
            "docker_registry_image.jlapp",
            "ibm_code_engine_project.jlapp_project"
          ]
        }
      ]
    },
    {
      "mode": "managed",
      "type": "ibm_code_engine_project",
      "name": "jlapp_project",
      "provider": "provider[\"registry.terraform.io/ibm-cloud/ibm\"]",
      "instances": [
        {
          "schema_version": 0,
          "attributes": {
            "account_id": "847733f0c04e4162984fbac7d9a02687",
            "created_at": "2023-05-30T19:12:21.370940563Z",
            "crn": "crn:v1:bluemix:public:codeengine:us-south:a/847733f0c04e4162984fbac7d9a02687:64025362-8dd4-46dd-a2c8-9373a25ebcc6::",
            "href": "https://api.us-south.codeengine.cloud.ibm.com/v2/projects/64025362-8dd4-46dd-a2c8-9373a25ebcc6",
            "id": "64025362-8dd4-46dd-a2c8-9373a25ebcc6",
            "name": "JLApp-DE11",
            "project_id": "64025362-8dd4-46dd-a2c8-9373a25ebcc6",
            "region": "us-south",
            "resource_group_id": "0b8e94b052eb4513b73ef414d36cab5f",
            "resource_type": "project_v2",
            "status": "active",
            "timeouts": null
          },
          "sensitive_attributes": [],
          "private": "eyJlMmJmYjczMC1lY2FhLTExZTYtOGY4OC0zNDM2M2JjN2M0YzAiOnsiY3JlYXRlIjo2MDAwMDAwMDAwMDB9fQ==",
          "dependencies": [
            "data.ibm_resource_group.rg"
          ]
        }
      ]
    },
    {
      "mode": "managed",
      "type": "ibm_cr_namespace",
      "name": "rg_jla_namespace",
      "provider": "provider[\"registry.terraform.io/ibm-cloud/ibm\"]",
      "instances": [
        {
          "schema_version": 0,
          "attributes": {
            "account": "847733f0c04e4162984fbac7d9a02687",
            "created_date": "2023-05-30 19:12:20",
            "created_on": "2023-05-30 19:12:20",
            "crn": "crn:v1:bluemix:public:container-registry:us-south:a/847733f0c04e4162984fbac7d9a02687::namespace:my_jlapp_namespace",
            "id": "my_jlapp_namespace",
            "name": "my_jlapp_namespace",
            "resource_created_date": "2023-05-30 19:12:20",
            "resource_group_id": "0b8e94b052eb4513b73ef414d36cab5f",
            "tags": null,
            "updated_date": "2023-05-30 19:12:20",
            "updated_on": "2023-05-30 19:12:20"
          },
          "sensitive_attributes": [],
          "private": "bnVsbA==",
          "dependencies": [
            "data.ibm_resource_group.rg"
          ]
        }
      ]
    }
  ],
  "check_results": null
}
