{
  "version": 4,
  "terraform_version": "1.3.4",
  "serial": 106,
  "lineage": "08f87fda-1df1-4376-3838-c838744e4912",
  "outputs": {},
  "resources": [
    {
      "mode": "data",
      "type": "ibm_resource_group",
      "name": "group",
      "provider": "provider[\"registry.terraform.io/ibm-cloud/ibm\"]",
      "instances": [
        {
          "schema_version": 0,
          "attributes": {
            "account_id": "310f43797c2a4e74a93d3122f8699ebe",
            "created_at": "2022-07-28T09:39:07.177Z",
            "crn": "crn:v1:bluemix:public:resource-controller::a/310f43797c2a4e74a93d3122f8699ebe::resource-group:e33145f2b1294704b47c6f841c91f89c",
            "id": "e33145f2b1294704b47c6f841c91f89c",
            "is_default": true,
            "name": "Default",
            "payment_methods_url": null,
            "quota_id": "a3d7b8d01e261c24677937c29ab33f3c",
            "quota_url": "/v2/quota_definitions/a3d7b8d01e261c24677937c29ab33f3c",
            "resource_linkages": [],
            "state": "ACTIVE",
            "teams_url": null,
            "updated_at": "2022-10-10T09:55:04.666Z"
          },
          "sensitive_attributes": []
        }
      ]
    },
    {
      "mode": "managed",
      "type": "ibm_cd_toolchain",
      "name": "toolchain_instance",
      "provider": "provider[\"registry.terraform.io/ibm-cloud/ibm\"]",
      "instances": [
        {
          "schema_version": 0,
          "attributes": {
            "account_id": "310f43797c2a4e74a93d3122f8699ebe",
            "created_at": "2022-12-21T21:29:24.542Z",
            "created_by": "IBMid-664003TLQ3",
            "crn": "crn:v1:bluemix:public:toolchain:us-south:a/310f43797c2a4e74a93d3122f8699ebe:c7006874-a1e5-4497-a84a-881a2ec0cd7c::",
            "description": "A sample toolchain to test the API",
            "href": "https://api.us-south.devops.cloud.ibm.com/toolchain/v2/toolchains/c7006874-a1e5-4497-a84a-881a2ec0cd7c",
            "id": "c7006874-a1e5-4497-a84a-881a2ec0cd7c",
            "location": "us-south",
            "name": "cloudant-terraform-toolchain-node-ayrf",
            "resource_group_id": "e33145f2b1294704b47c6f841c91f89c",
            "tags": [],
            "ui_href": "https://cloud.ibm.com/devops/toolchains/c7006874-a1e5-4497-a84a-881a2ec0cd7c",
            "updated_at": "2022-12-21T21:29:24.542Z"
          },
          "sensitive_attributes": [],
          "private": "bnVsbA==",
          "dependencies": [
            "data.ibm_resource_group.group",
            "random_string.random"
          ]
        }
      ]
    },
    {
      "mode": "managed",
      "type": "ibm_cd_toolchain_tool_pipeline",
      "name": "ci_pipeline",
      "provider": "provider[\"registry.terraform.io/ibm-cloud/ibm\"]",
      "instances": [
        {
          "schema_version": 0,
          "attributes": {
            "crn": "crn:v1:bluemix:public:toolchain:us-south:a/310f43797c2a4e74a93d3122f8699ebe:c7006874-a1e5-4497-a84a-881a2ec0cd7c:tool:b250573f-8bdb-4fd0-98bd-aef354a06c00",
            "href": "https://api.us-south.devops.cloud.ibm.com/toolchain/v2/toolchains/c7006874-a1e5-4497-a84a-881a2ec0cd7c/tools/b250573f-8bdb-4fd0-98bd-aef354a06c00",
            "id": "c7006874-a1e5-4497-a84a-881a2ec0cd7c/b250573f-8bdb-4fd0-98bd-aef354a06c00",
            "name": "",
            "parameters": [
              {
                "name": "ci-pipeline"
              }
            ],
            "referent": [
              {
                "api_href": "",
                "ui_href": "/devops/pipelines/tekton/b250573f-8bdb-4fd0-98bd-aef354a06c00"
              }
            ],
            "resource_group_id": "e33145f2b1294704b47c6f841c91f89c",
            "state": "configured",
            "tool_id": "b250573f-8bdb-4fd0-98bd-aef354a06c00",
            "toolchain_crn": "crn:v1:bluemix:public:toolchain:us-south:a/310f43797c2a4e74a93d3122f8699ebe:c7006874-a1e5-4497-a84a-881a2ec0cd7c::",
            "toolchain_id": "c7006874-a1e5-4497-a84a-881a2ec0cd7c",
            "updated_at": "2022-12-21T21:29:26.276Z"
          },
          "sensitive_attributes": [],
          "private": "bnVsbA==",
          "dependencies": [
            "data.ibm_resource_group.group",
            "ibm_cd_toolchain.toolchain_instance",
            "random_string.random"
          ]
        }
      ]
    },
    {
      "mode": "managed",
      "type": "ibm_resource_instance",
      "name": "cd_instance_1",
      "provider": "provider[\"registry.terraform.io/ibm-cloud/ibm\"]",
      "instances": [
        {
          "schema_version": 0,
          "attributes": {
            "account_id": "310f43797c2a4e74a93d3122f8699ebe",
            "allow_cleanup": false,
            "created_at": "2022-12-21T21:29:25.787Z",
            "created_by": "IBMid-664003TLQ3",
            "crn": "crn:v1:bluemix:public:continuous-delivery:us-south:a/310f43797c2a4e74a93d3122f8699ebe:11efb65c-2c31-4e3e-9616-92f4f8e6cfcd::",
            "dashboard_url": "https://cd-broker.us-south.devops.cloud.ibm.com/dashboard/crn:v1:bluemix:public:continuous-delivery:us-south:a/310f43797c2a4e74a93d3122f8699ebe:11efb65c-2c31-4e3e-9616-92f4f8e6cfcd::",
            "deleted_at": null,
            "deleted_by": "",
            "extensions": {},
            "guid": "11efb65c-2c31-4e3e-9616-92f4f8e6cfcd",
            "id": "crn:v1:bluemix:public:continuous-delivery:us-south:a/310f43797c2a4e74a93d3122f8699ebe:11efb65c-2c31-4e3e-9616-92f4f8e6cfcd::",
            "last_operation": {
              "async": "false",
              "cancelable": "false",
              "description": "Completed create instance operation",
              "poll": "false",
              "state": "succeeded",
              "type": "create"
            },
            "location": "us-south",
            "locked": false,
            "name": "cloudant-terraform-service-node-ayrf",
            "parameters": null,
            "parameters_json": null,
            "plan": "lite",
            "plan_history": [
              {
                "resource_plan_id": "a35fb0e9-4fc2-400e-8161-49078e5af632",
                "start_date": "2022-12-21T21:29:25.787Z"
              }
            ],
            "resource_aliases_url": "/v2/resource_instances/11efb65c-2c31-4e3e-9616-92f4f8e6cfcd/resource_aliases",
            "resource_bindings_url": "/v2/resource_instances/11efb65c-2c31-4e3e-9616-92f4f8e6cfcd/resource_bindings",
            "resource_controller_url": "https://cloud.ibm.com/services/",
            "resource_crn": "crn:v1:bluemix:public:continuous-delivery:us-south:a/310f43797c2a4e74a93d3122f8699ebe:11efb65c-2c31-4e3e-9616-92f4f8e6cfcd::",
            "resource_group_crn": "crn:v1:bluemix:public:resource-controller::a/310f43797c2a4e74a93d3122f8699ebe::resource-group:e33145f2b1294704b47c6f841c91f89c",
            "resource_group_id": "e33145f2b1294704b47c6f841c91f89c",
            "resource_group_name": "crn:v1:bluemix:public:resource-controller::a/310f43797c2a4e74a93d3122f8699ebe::resource-group:e33145f2b1294704b47c6f841c91f89c",
            "resource_id": "59b735ee-5938-4ebd-a6b2-541aef2d1f68",
            "resource_keys_url": "/v2/resource_instances/11efb65c-2c31-4e3e-9616-92f4f8e6cfcd/resource_keys",
            "resource_name": "cloudant-terraform-service-node-ayrf",
            "resource_plan_id": "a35fb0e9-4fc2-400e-8161-49078e5af632",
            "resource_status": "active",
            "restored_at": null,
            "restored_by": "",
            "scheduled_reclaim_at": null,
            "scheduled_reclaim_by": "",
            "service": "continuous-delivery",
            "service_endpoints": null,
            "state": "active",
            "status": "active",
            "sub_type": "public",
            "tags": [],
            "target_crn": "crn:v1:bluemix:public:globalcatalog::::deployment:392095ad-c85d-5bdb-543b-279cedcc09c3",
            "timeouts": {
              "create": "15m",
              "delete": "15m",
              "update": "15m"
            },
            "type": "service_instance",
            "update_at": "2022-12-21T21:29:26.687Z",
            "update_by": ""
          },
          "sensitive_attributes": [],
          "private": "eyJlMmJmYjczMC1lY2FhLTExZTYtOGY4OC0zNDM2M2JjN2M0YzAiOnsiY3JlYXRlIjo5MDAwMDAwMDAwMDAsImRlbGV0ZSI6OTAwMDAwMDAwMDAwLCJ1cGRhdGUiOjkwMDAwMDAwMDAwMH19",
          "dependencies": [
            "data.ibm_resource_group.group",
            "random_string.random"
          ]
        }
      ]
    },
    {
      "mode": "managed",
      "type": "null_resource",
      "name": "trigger_pipeline",
      "provider": "provider[\"registry.terraform.io/hashicorp/null\"]",
      "instances": [
        {
          "schema_version": 0,
          "attributes": {
            "id": "8170356046842533064",
            "triggers": null
          },
          "sensitive_attributes": [],
          "dependencies": [
            "data.ibm_resource_group.group",
            "ibm_cd_toolchain.toolchain_instance",
            "ibm_cd_toolchain_tool_pipeline.ci_pipeline",
            "ibm_resource_instance.cd_instance_1",
            "module.pipeline-ci.ibm_cd_tekton_pipeline.ci_pipeline_instance",
            "module.pipeline-ci.ibm_cd_tekton_pipeline_definition.ci_cr_task_def",
            "module.pipeline-ci.ibm_cd_tekton_pipeline_definition.ci_git_task_def",
            "module.pipeline-ci.ibm_cd_tekton_pipeline_definition.ci_insights_task_def",
            "module.pipeline-ci.ibm_cd_tekton_pipeline_definition.ci_kube_task_def",
            "module.pipeline-ci.ibm_cd_tekton_pipeline_definition.ci_linter_task_def",
            "module.pipeline-ci.ibm_cd_tekton_pipeline_definition.ci_pipeline_def",
            "module.pipeline-ci.ibm_cd_tekton_pipeline_definition.ci_tester_task_def",
            "module.pipeline-ci.ibm_cd_tekton_pipeline_definition.ci_toolchain_task_def",
            "module.pipeline-ci.ibm_cd_tekton_pipeline_definition.ci_utils_task_def",
            "module.pipeline-ci.ibm_cd_tekton_pipeline_property.ci_env_apikey",
            "module.pipeline-ci.ibm_cd_tekton_pipeline_property.ci_env_app_name",
            "module.pipeline-ci.ibm_cd_tekton_pipeline_property.ci_env_branch",
            "module.pipeline-ci.ibm_cd_tekton_pipeline_property.ci_env_cluster_name",
            "module.pipeline-ci.ibm_cd_tekton_pipeline_property.ci_env_commons_hosted_region",
            "module.pipeline-ci.ibm_cd_tekton_pipeline_property.ci_env_dev_cluster_namespace",
            "module.pipeline-ci.ibm_cd_tekton_pipeline_property.ci_env_dev_region",
            "module.pipeline-ci.ibm_cd_tekton_pipeline_property.ci_env_dev_resource_group",
            "module.pipeline-ci.ibm_cd_tekton_pipeline_property.ci_env_ibmcloud-api",
            "module.pipeline-ci.ibm_cd_tekton_pipeline_property.ci_env_image_name",
            "module.pipeline-ci.ibm_cd_tekton_pipeline_property.ci_env_registry_namespace",
            "module.pipeline-ci.ibm_cd_tekton_pipeline_property.ci_env_registry_region",
            "module.pipeline-ci.ibm_cd_tekton_pipeline_property.ci_env_repository",
            "module.pipeline-ci.ibm_cd_tekton_pipeline_property.ci_env_toolchain_apikey",
            "module.pipeline-ci.ibm_cd_tekton_pipeline_trigger.ci_pipeline_manual_trigger",
            "module.pipeline-ci.ibm_cd_tekton_pipeline_trigger.ci_pipeline_scm_trigger",
            "module.repositories.ibm_cd_toolchain_tool_hostedgit.app_repo",
            "module.repositories.ibm_cd_toolchain_tool_hostedgit.pipeline_repo",
            "module.repositories.ibm_cd_toolchain_tool_hostedgit.tekton_tasks_catalog_repo",
            "random_string.random"
          ]
        }
      ]
    },
    {
      "mode": "managed",
      "type": "random_string",
      "name": "random",
      "provider": "provider[\"registry.terraform.io/hashicorp/random\"]",
      "instances": [
        {
          "schema_version": 2,
          "attributes": {
            "id": "ayrf",
            "keepers": null,
            "length": 4,
            "lower": true,
            "min_lower": 4,
            "min_numeric": 0,
            "min_special": 0,
            "min_upper": 0,
            "number": true,
            "numeric": true,
            "override_special": null,
            "result": "ayrf",
            "special": true,
            "upper": true
          },
          "sensitive_attributes": []
        }
      ]
    },
    {
      "module": "module.pipeline-ci",
      "mode": "managed",
      "type": "ibm_cd_tekton_pipeline",
      "name": "ci_pipeline_instance",
      "provider": "provider[\"registry.terraform.io/ibm-cloud/ibm\"]",
      "instances": [
        {
          "schema_version": 0,
          "attributes": {
            "build_number": 0,
            "created_at": "2022-12-21T21:29:26.237Z",
            "definitions": [],
            "enable_notifications": false,
            "enable_partial_cloning": false,
            "enabled": true,
            "id": "b250573f-8bdb-4fd0-98bd-aef354a06c00",
            "name": "ci-pipeline",
            "pipeline_id": "b250573f-8bdb-4fd0-98bd-aef354a06c00",
            "properties": [
              {
                "enum": [],
                "name": "app-name",
                "path": "",
                "type": "text",
                "value": "simple-helm-app"
              },
              {
                "enum": [],
                "name": "cluster-name",
                "path": "",
                "type": "text",
                "value": "mycluster-free"
              },
              {
                "enum": [],
                "name": "commons-hosted-region",
                "path": "",
                "type": "text",
                "value": "https://raw.githubusercontent.com/open-toolchain/commons/master"
              },
              {
                "enum": [],
                "name": "dev-region",
                "path": "",
                "type": "text",
                "value": "ibm:yp1:us-south"
              },
              {
                "enum": [],
                "name": "ibmcloud-api",
                "path": "",
                "type": "text",
                "value": "https://cloud.ibm.com"
              },
              {
                "enum": [],
                "name": "image-name",
                "path": "",
                "type": "text",
                "value": "simple-helm-app"
              },
              {
                "enum": [],
                "name": "registry-namespace",
                "path": "",
                "type": "text",
                "value": "arif3-test"
              },
              {
                "enum": [],
                "name": "registry-region",
                "path": "",
                "type": "text",
                "value": "ibm:yp1:us-south"
              },
              {
                "enum": [],
                "name": "repository",
                "path": "",
                "type": "text",
                "value": "https://us-south.git.cloud.ibm.com/Sami_channa/ayrf-app-repo.git"
              }
            ],
            "resource_group": [
              {
                "id": "e33145f2b1294704b47c6f841c91f89c"
              }
            ],
            "runs_url": "https://cloud.ibm.com/devops/pipelines/tekton/b250573f-8bdb-4fd0-98bd-aef354a06c00?env_id=ibm:yp:us-south",
            "status": "configured",
            "toolchain": [
              {
                "crn": "crn:v1:bluemix:public:toolchain:us-south:a/310f43797c2a4e74a93d3122f8699ebe:c7006874-a1e5-4497-a84a-881a2ec0cd7c::",
                "id": "c7006874-a1e5-4497-a84a-881a2ec0cd7c"
              }
            ],
            "triggers": [
              {
                "cron": "",
                "enabled": true,
                "event_listener": "manual-run",
                "events": [],
                "href": "https://devops-api.us-south.devops.cloud.ibm.com/pipeline/v2/tekton_pipelines/b250573f-8bdb-4fd0-98bd-aef354a06c00/triggers/f248c67e-b3f3-483b-9e62-694925d66c4a",
                "id": "f248c67e-b3f3-483b-9e62-694925d66c4a",
                "max_concurrent_runs": 0,
                "name": "manual-run",
                "properties": [],
                "secret": [],
                "source": [],
                "tags": [],
                "timezone": "",
                "type": "manual",
                "webhook_url": "",
                "worker": []
              }
            ],
            "updated_at": "2022-12-21T21:29:50.982Z",
            "worker": [
              {
                "id": "public"
              }
            ]
          },
          "sensitive_attributes": [],
          "private": "bnVsbA==",
          "dependencies": [
            "data.ibm_resource_group.group",
            "ibm_cd_toolchain.toolchain_instance",
            "ibm_cd_toolchain_tool_pipeline.ci_pipeline",
            "module.repositories.ibm_cd_toolchain_tool_hostedgit.app_repo",
            "module.repositories.ibm_cd_toolchain_tool_hostedgit.pipeline_repo",
            "module.repositories.ibm_cd_toolchain_tool_hostedgit.tekton_tasks_catalog_repo",
            "random_string.random"
          ]
        }
      ]
    },
    {
      "module": "module.pipeline-ci",
      "mode": "managed",
      "type": "ibm_cd_tekton_pipeline_definition",
      "name": "ci_cr_task_def",
      "provider": "provider[\"registry.terraform.io/ibm-cloud/ibm\"]",
      "instances": [
        {
          "schema_version": 0,
          "attributes": {
            "definition_id": "1ad34658-72a7-4a37-8776-97b6fe193a4d",
            "id": "b250573f-8bdb-4fd0-98bd-aef354a06c00/1ad34658-72a7-4a37-8776-97b6fe193a4d",
            "pipeline_id": "b250573f-8bdb-4fd0-98bd-aef354a06c00",
            "source": [
              {
                "properties": [
                  {
                    "branch": "main",
                    "path": "container-registry",
                    "tag": "",
                    "tool": [
                      {
                        "id": "3f3951ab-3e05-405a-b4a4-1a51389078d3"
                      }
                    ],
                    "url": "https://us-south.git.cloud.ibm.com/Sami_channa/ayrf-tasks-repo.git"
                  }
                ],
                "type": "git"
              }
            ]
          },
          "sensitive_attributes": [],
          "private": "bnVsbA==",
          "dependencies": [
            "data.ibm_resource_group.group",
            "ibm_cd_toolchain.toolchain_instance",
            "ibm_cd_toolchain_tool_pipeline.ci_pipeline",
            "module.pipeline-ci.ibm_cd_tekton_pipeline.ci_pipeline_instance",
            "module.repositories.ibm_cd_toolchain_tool_hostedgit.app_repo",
            "module.repositories.ibm_cd_toolchain_tool_hostedgit.pipeline_repo",
            "module.repositories.ibm_cd_toolchain_tool_hostedgit.tekton_tasks_catalog_repo",
            "random_string.random"
          ]
        }
      ]
    },
    {
      "module": "module.pipeline-ci",
      "mode": "managed",
      "type": "ibm_cd_tekton_pipeline_definition",
      "name": "ci_git_task_def",
      "provider": "provider[\"registry.terraform.io/ibm-cloud/ibm\"]",
      "instances": [
        {
          "schema_version": 0,
          "attributes": {
            "definition_id": "de045213-0d57-40ea-9878-faa2aee16380",
            "id": "b250573f-8bdb-4fd0-98bd-aef354a06c00/de045213-0d57-40ea-9878-faa2aee16380",
            "pipeline_id": "b250573f-8bdb-4fd0-98bd-aef354a06c00",
            "source": [
              {
                "properties": [
                  {
                    "branch": "main",
                    "path": "git",
                    "tag": "",
                    "tool": [
                      {
                        "id": "3f3951ab-3e05-405a-b4a4-1a51389078d3"
                      }
                    ],
                    "url": "https://us-south.git.cloud.ibm.com/Sami_channa/ayrf-tasks-repo.git"
                  }
                ],
                "type": "git"
              }
            ]
          },
          "sensitive_attributes": [],
          "private": "bnVsbA==",
          "dependencies": [
            "data.ibm_resource_group.group",
            "ibm_cd_toolchain.toolchain_instance",
            "ibm_cd_toolchain_tool_pipeline.ci_pipeline",
            "module.pipeline-ci.ibm_cd_tekton_pipeline.ci_pipeline_instance",
            "module.repositories.ibm_cd_toolchain_tool_hostedgit.app_repo",
            "module.repositories.ibm_cd_toolchain_tool_hostedgit.pipeline_repo",
            "module.repositories.ibm_cd_toolchain_tool_hostedgit.tekton_tasks_catalog_repo",
            "random_string.random"
          ]
        }
      ]
    },
    {
      "module": "module.pipeline-ci",
      "mode": "managed",
      "type": "ibm_cd_tekton_pipeline_definition",
      "name": "ci_insights_task_def",
      "provider": "provider[\"registry.terraform.io/ibm-cloud/ibm\"]",
      "instances": [
        {
          "schema_version": 0,
          "attributes": {
            "definition_id": "a5e1dca5-6c7a-4d19-a7b9-c13ebe8bb9d7",
            "id": "b250573f-8bdb-4fd0-98bd-aef354a06c00/a5e1dca5-6c7a-4d19-a7b9-c13ebe8bb9d7",
            "pipeline_id": "b250573f-8bdb-4fd0-98bd-aef354a06c00",
            "source": [
              {
                "properties": [
                  {
                    "branch": "main",
                    "path": "devops-insights",
                    "tag": "",
                    "tool": [
                      {
                        "id": "3f3951ab-3e05-405a-b4a4-1a51389078d3"
                      }
                    ],
                    "url": "https://us-south.git.cloud.ibm.com/Sami_channa/ayrf-tasks-repo.git"
                  }
                ],
                "type": "git"
              }
            ]
          },
          "sensitive_attributes": [],
          "private": "bnVsbA==",
          "dependencies": [
            "data.ibm_resource_group.group",
            "ibm_cd_toolchain.toolchain_instance",
            "ibm_cd_toolchain_tool_pipeline.ci_pipeline",
            "module.pipeline-ci.ibm_cd_tekton_pipeline.ci_pipeline_instance",
            "module.repositories.ibm_cd_toolchain_tool_hostedgit.app_repo",
            "module.repositories.ibm_cd_toolchain_tool_hostedgit.pipeline_repo",
            "module.repositories.ibm_cd_toolchain_tool_hostedgit.tekton_tasks_catalog_repo",
            "random_string.random"
          ]
        }
      ]
    },
    {
      "module": "module.pipeline-ci",
      "mode": "managed",
      "type": "ibm_cd_tekton_pipeline_definition",
      "name": "ci_kube_task_def",
      "provider": "provider[\"registry.terraform.io/ibm-cloud/ibm\"]",
      "instances": [
        {
          "schema_version": 0,
          "attributes": {
            "definition_id": "a46ccf9f-7850-4b43-8660-e2423ce003b9",
            "id": "b250573f-8bdb-4fd0-98bd-aef354a06c00/a46ccf9f-7850-4b43-8660-e2423ce003b9",
            "pipeline_id": "b250573f-8bdb-4fd0-98bd-aef354a06c00",
            "source": [
              {
                "properties": [
                  {
                    "branch": "main",
                    "path": "kubernetes-service",
                    "tag": "",
                    "tool": [
                      {
                        "id": "3f3951ab-3e05-405a-b4a4-1a51389078d3"
                      }
                    ],
                    "url": "https://us-south.git.cloud.ibm.com/Sami_channa/ayrf-tasks-repo.git"
                  }
                ],
                "type": "git"
              }
            ]
          },
          "sensitive_attributes": [],
          "private": "bnVsbA==",
          "dependencies": [
            "data.ibm_resource_group.group",
            "ibm_cd_toolchain.toolchain_instance",
            "ibm_cd_toolchain_tool_pipeline.ci_pipeline",
            "module.pipeline-ci.ibm_cd_tekton_pipeline.ci_pipeline_instance",
            "module.repositories.ibm_cd_toolchain_tool_hostedgit.app_repo",
            "module.repositories.ibm_cd_toolchain_tool_hostedgit.pipeline_repo",
            "module.repositories.ibm_cd_toolchain_tool_hostedgit.tekton_tasks_catalog_repo",
            "random_string.random"
          ]
        }
      ]
    },
    {
      "module": "module.pipeline-ci",
      "mode": "managed",
      "type": "ibm_cd_tekton_pipeline_definition",
      "name": "ci_linter_task_def",
      "provider": "provider[\"registry.terraform.io/ibm-cloud/ibm\"]",
      "instances": [
        {
          "schema_version": 0,
          "attributes": {
            "definition_id": "6f1fd024-17d4-45c2-97b9-e9d7ba3da2ab",
            "id": "b250573f-8bdb-4fd0-98bd-aef354a06c00/6f1fd024-17d4-45c2-97b9-e9d7ba3da2ab",
            "pipeline_id": "b250573f-8bdb-4fd0-98bd-aef354a06c00",
            "source": [
              {
                "properties": [
                  {
                    "branch": "main",
                    "path": "linter",
                    "tag": "",
                    "tool": [
                      {
                        "id": "3f3951ab-3e05-405a-b4a4-1a51389078d3"
                      }
                    ],
                    "url": "https://us-south.git.cloud.ibm.com/Sami_channa/ayrf-tasks-repo.git"
                  }
                ],
                "type": "git"
              }
            ]
          },
          "sensitive_attributes": [],
          "private": "bnVsbA==",
          "dependencies": [
            "data.ibm_resource_group.group",
            "ibm_cd_toolchain.toolchain_instance",
            "ibm_cd_toolchain_tool_pipeline.ci_pipeline",
            "module.pipeline-ci.ibm_cd_tekton_pipeline.ci_pipeline_instance",
            "module.repositories.ibm_cd_toolchain_tool_hostedgit.app_repo",
            "module.repositories.ibm_cd_toolchain_tool_hostedgit.pipeline_repo",
            "module.repositories.ibm_cd_toolchain_tool_hostedgit.tekton_tasks_catalog_repo",
            "random_string.random"
          ]
        }
      ]
    },
    {
      "module": "module.pipeline-ci",
      "mode": "managed",
      "type": "ibm_cd_tekton_pipeline_definition",
      "name": "ci_pipeline_def",
      "provider": "provider[\"registry.terraform.io/ibm-cloud/ibm\"]",
      "instances": [
        {
          "schema_version": 0,
          "attributes": {
            "definition_id": "f0e783ef-ef1a-45c3-bdfc-812833f45913",
            "id": "b250573f-8bdb-4fd0-98bd-aef354a06c00/f0e783ef-ef1a-45c3-bdfc-812833f45913",
            "pipeline_id": "b250573f-8bdb-4fd0-98bd-aef354a06c00",
            "source": [
              {
                "properties": [
                  {
                    "branch": "main",
                    "path": ".pipeline",
                    "tag": "",
                    "tool": [
                      {
                        "id": "0665c450-ea24-480f-a8e5-2c3fedfd8d33"
                      }
                    ],
                    "url": "https://us-south.git.cloud.ibm.com/Sami_channa/ayrf-pipeline-repo.git"
                  }
                ],
                "type": "git"
              }
            ]
          },
          "sensitive_attributes": [],
          "private": "bnVsbA==",
          "dependencies": [
            "data.ibm_resource_group.group",
            "ibm_cd_toolchain.toolchain_instance",
            "ibm_cd_toolchain_tool_pipeline.ci_pipeline",
            "module.pipeline-ci.ibm_cd_tekton_pipeline.ci_pipeline_instance",
            "module.repositories.ibm_cd_toolchain_tool_hostedgit.app_repo",
            "module.repositories.ibm_cd_toolchain_tool_hostedgit.pipeline_repo",
            "module.repositories.ibm_cd_toolchain_tool_hostedgit.tekton_tasks_catalog_repo",
            "random_string.random"
          ]
        }
      ]
    },
    {
      "module": "module.pipeline-ci",
      "mode": "managed",
      "type": "ibm_cd_tekton_pipeline_definition",
      "name": "ci_tester_task_def",
      "provider": "provider[\"registry.terraform.io/ibm-cloud/ibm\"]",
      "instances": [
        {
          "schema_version": 0,
          "attributes": {
            "definition_id": "10765801-f893-4569-a368-2600fd3cfcde",
            "id": "b250573f-8bdb-4fd0-98bd-aef354a06c00/10765801-f893-4569-a368-2600fd3cfcde",
            "pipeline_id": "b250573f-8bdb-4fd0-98bd-aef354a06c00",
            "source": [
              {
                "properties": [
                  {
                    "branch": "main",
                    "path": "tester",
                    "tag": "",
                    "tool": [
                      {
                        "id": "3f3951ab-3e05-405a-b4a4-1a51389078d3"
                      }
                    ],
                    "url": "https://us-south.git.cloud.ibm.com/Sami_channa/ayrf-tasks-repo.git"
                  }
                ],
                "type": "git"
              }
            ]
          },
          "sensitive_attributes": [],
          "private": "bnVsbA==",
          "dependencies": [
            "data.ibm_resource_group.group",
            "ibm_cd_toolchain.toolchain_instance",
            "ibm_cd_toolchain_tool_pipeline.ci_pipeline",
            "module.pipeline-ci.ibm_cd_tekton_pipeline.ci_pipeline_instance",
            "module.repositories.ibm_cd_toolchain_tool_hostedgit.app_repo",
            "module.repositories.ibm_cd_toolchain_tool_hostedgit.pipeline_repo",
            "module.repositories.ibm_cd_toolchain_tool_hostedgit.tekton_tasks_catalog_repo",
            "random_string.random"
          ]
        }
      ]
    },
    {
      "module": "module.pipeline-ci",
      "mode": "managed",
      "type": "ibm_cd_tekton_pipeline_definition",
      "name": "ci_toolchain_task_def",
      "provider": "provider[\"registry.terraform.io/ibm-cloud/ibm\"]",
      "instances": [
        {
          "schema_version": 0,
          "attributes": {
            "definition_id": "e7f1a905-1d25-4caa-b929-02409c7aea78",
            "id": "b250573f-8bdb-4fd0-98bd-aef354a06c00/e7f1a905-1d25-4caa-b929-02409c7aea78",
            "pipeline_id": "b250573f-8bdb-4fd0-98bd-aef354a06c00",
            "source": [
              {
                "properties": [
                  {
                    "branch": "main",
                    "path": "toolchain",
                    "tag": "",
                    "tool": [
                      {
                        "id": "3f3951ab-3e05-405a-b4a4-1a51389078d3"
                      }
                    ],
                    "url": "https://us-south.git.cloud.ibm.com/Sami_channa/ayrf-tasks-repo.git"
                  }
                ],
                "type": "git"
              }
            ]
          },
          "sensitive_attributes": [],
          "private": "bnVsbA==",
          "dependencies": [
            "data.ibm_resource_group.group",
            "ibm_cd_toolchain.toolchain_instance",
            "ibm_cd_toolchain_tool_pipeline.ci_pipeline",
            "module.pipeline-ci.ibm_cd_tekton_pipeline.ci_pipeline_instance",
            "module.repositories.ibm_cd_toolchain_tool_hostedgit.app_repo",
            "module.repositories.ibm_cd_toolchain_tool_hostedgit.pipeline_repo",
            "module.repositories.ibm_cd_toolchain_tool_hostedgit.tekton_tasks_catalog_repo",
            "random_string.random"
          ]
        }
      ]
    },
    {
      "module": "module.pipeline-ci",
      "mode": "managed",
      "type": "ibm_cd_tekton_pipeline_definition",
      "name": "ci_utils_task_def",
      "provider": "provider[\"registry.terraform.io/ibm-cloud/ibm\"]",
      "instances": [
        {
          "schema_version": 0,
          "attributes": {
            "definition_id": "d89d30fe-ac42-4c8c-a700-9032fcf04eb3",
            "id": "b250573f-8bdb-4fd0-98bd-aef354a06c00/d89d30fe-ac42-4c8c-a700-9032fcf04eb3",
            "pipeline_id": "b250573f-8bdb-4fd0-98bd-aef354a06c00",
            "source": [
              {
                "properties": [
                  {
                    "branch": "main",
                    "path": "utils",
                    "tag": "",
                    "tool": [
                      {
                        "id": "3f3951ab-3e05-405a-b4a4-1a51389078d3"
                      }
                    ],
                    "url": "https://us-south.git.cloud.ibm.com/Sami_channa/ayrf-tasks-repo.git"
                  }
                ],
                "type": "git"
              }
            ]
          },
          "sensitive_attributes": [],
          "private": "bnVsbA==",
          "dependencies": [
            "data.ibm_resource_group.group",
            "ibm_cd_toolchain.toolchain_instance",
            "ibm_cd_toolchain_tool_pipeline.ci_pipeline",
            "module.pipeline-ci.ibm_cd_tekton_pipeline.ci_pipeline_instance",
            "module.repositories.ibm_cd_toolchain_tool_hostedgit.app_repo",
            "module.repositories.ibm_cd_toolchain_tool_hostedgit.pipeline_repo",
            "module.repositories.ibm_cd_toolchain_tool_hostedgit.tekton_tasks_catalog_repo",
            "random_string.random"
          ]
        }
      ]
    },
    {
      "module": "module.pipeline-ci",
      "mode": "managed",
      "type": "ibm_cd_tekton_pipeline_property",
      "name": "ci_env_apikey",
      "provider": "provider[\"registry.terraform.io/ibm-cloud/ibm\"]",
      "instances": [
        {
          "schema_version": 0,
          "attributes": {
            "enum": null,
            "id": "b250573f-8bdb-4fd0-98bd-aef354a06c00/apikey",
            "name": "apikey",
            "path": "",
            "pipeline_id": "b250573f-8bdb-4fd0-98bd-aef354a06c00",
            "type": "secure",
            "value": "hash:SHA3-512:b6ee983b4ac2531341b49766d316729bea1b8fac34459c1265736144134590de38af321c167ebf33e08d2b5e125ee4c3129fe23f388842c407141a44c03d2a5a"
          },
          "sensitive_attributes": [],
          "private": "bnVsbA==",
          "dependencies": [
            "data.ibm_resource_group.group",
            "ibm_cd_toolchain.toolchain_instance",
            "ibm_cd_toolchain_tool_pipeline.ci_pipeline",
            "module.repositories.ibm_cd_toolchain_tool_hostedgit.app_repo",
            "module.repositories.ibm_cd_toolchain_tool_hostedgit.pipeline_repo",
            "module.repositories.ibm_cd_toolchain_tool_hostedgit.tekton_tasks_catalog_repo",
            "random_string.random"
          ]
        }
      ]
    },
    {
      "module": "module.pipeline-ci",
      "mode": "managed",
      "type": "ibm_cd_tekton_pipeline_property",
      "name": "ci_env_app_name",
      "provider": "provider[\"registry.terraform.io/ibm-cloud/ibm\"]",
      "instances": [
        {
          "schema_version": 0,
          "attributes": {
            "enum": null,
            "id": "b250573f-8bdb-4fd0-98bd-aef354a06c00/app-name",
            "name": "app-name",
            "path": "",
            "pipeline_id": "b250573f-8bdb-4fd0-98bd-aef354a06c00",
            "type": "text",
            "value": "simple-helm-app"
          },
          "sensitive_attributes": [],
          "private": "bnVsbA==",
          "dependencies": [
            "data.ibm_resource_group.group",
            "ibm_cd_toolchain.toolchain_instance",
            "ibm_cd_toolchain_tool_pipeline.ci_pipeline",
            "module.repositories.ibm_cd_toolchain_tool_hostedgit.app_repo",
            "module.repositories.ibm_cd_toolchain_tool_hostedgit.pipeline_repo",
            "module.repositories.ibm_cd_toolchain_tool_hostedgit.tekton_tasks_catalog_repo",
            "random_string.random"
          ]
        }
      ]
    },
    {
      "module": "module.pipeline-ci",
      "mode": "managed",
      "type": "ibm_cd_tekton_pipeline_property",
      "name": "ci_env_branch",
      "provider": "provider[\"registry.terraform.io/ibm-cloud/ibm\"]",
      "instances": [
        {
          "schema_version": 0,
          "attributes": {
            "enum": null,
            "id": "b250573f-8bdb-4fd0-98bd-aef354a06c00/branch",
            "name": "branch",
            "path": "",
            "pipeline_id": "b250573f-8bdb-4fd0-98bd-aef354a06c00",
            "type": "text",
            "value": "main"
          },
          "sensitive_attributes": [],
          "private": "bnVsbA==",
          "dependencies": [
            "data.ibm_resource_group.group",
            "ibm_cd_toolchain.toolchain_instance",
            "ibm_cd_toolchain_tool_pipeline.ci_pipeline",
            "module.repositories.ibm_cd_toolchain_tool_hostedgit.app_repo",
            "module.repositories.ibm_cd_toolchain_tool_hostedgit.pipeline_repo",
            "module.repositories.ibm_cd_toolchain_tool_hostedgit.tekton_tasks_catalog_repo",
            "random_string.random"
          ]
        }
      ]
    },
    {
      "module": "module.pipeline-ci",
      "mode": "managed",
      "type": "ibm_cd_tekton_pipeline_property",
      "name": "ci_env_cluster_name",
      "provider": "provider[\"registry.terraform.io/ibm-cloud/ibm\"]",
      "instances": [
        {
          "schema_version": 0,
          "attributes": {
            "enum": null,
            "id": "b250573f-8bdb-4fd0-98bd-aef354a06c00/cluster-name",
            "name": "cluster-name",
            "path": "",
            "pipeline_id": "b250573f-8bdb-4fd0-98bd-aef354a06c00",
            "type": "text",
            "value": "mycluster-free"
          },
          "sensitive_attributes": [],
          "private": "bnVsbA==",
          "dependencies": [
            "data.ibm_resource_group.group",
            "ibm_cd_toolchain.toolchain_instance",
            "ibm_cd_toolchain_tool_pipeline.ci_pipeline",
            "module.repositories.ibm_cd_toolchain_tool_hostedgit.app_repo",
            "module.repositories.ibm_cd_toolchain_tool_hostedgit.pipeline_repo",
            "module.repositories.ibm_cd_toolchain_tool_hostedgit.tekton_tasks_catalog_repo",
            "random_string.random"
          ]
        }
      ]
    },
    {
      "module": "module.pipeline-ci",
      "mode": "managed",
      "type": "ibm_cd_tekton_pipeline_property",
      "name": "ci_env_commons_hosted_region",
      "provider": "provider[\"registry.terraform.io/ibm-cloud/ibm\"]",
      "instances": [
        {
          "schema_version": 0,
          "attributes": {
            "enum": null,
            "id": "b250573f-8bdb-4fd0-98bd-aef354a06c00/commons-hosted-region",
            "name": "commons-hosted-region",
            "path": "",
            "pipeline_id": "b250573f-8bdb-4fd0-98bd-aef354a06c00",
            "type": "text",
            "value": "https://raw.githubusercontent.com/open-toolchain/commons/master"
          },
          "sensitive_attributes": [],
          "private": "bnVsbA==",
          "dependencies": [
            "data.ibm_resource_group.group",
            "ibm_cd_toolchain.toolchain_instance",
            "ibm_cd_toolchain_tool_pipeline.ci_pipeline",
            "module.repositories.ibm_cd_toolchain_tool_hostedgit.app_repo",
            "module.repositories.ibm_cd_toolchain_tool_hostedgit.pipeline_repo",
            "module.repositories.ibm_cd_toolchain_tool_hostedgit.tekton_tasks_catalog_repo",
            "random_string.random"
          ]
        }
      ]
    },
    {
      "module": "module.pipeline-ci",
      "mode": "managed",
      "type": "ibm_cd_tekton_pipeline_property",
      "name": "ci_env_dev_cluster_namespace",
      "provider": "provider[\"registry.terraform.io/ibm-cloud/ibm\"]",
      "instances": [
        {
          "schema_version": 0,
          "attributes": {
            "enum": null,
            "id": "b250573f-8bdb-4fd0-98bd-aef354a06c00/dev-cluster-namespace",
            "name": "dev-cluster-namespace",
            "path": "",
            "pipeline_id": "b250573f-8bdb-4fd0-98bd-aef354a06c00",
            "type": "text",
            "value": "default"
          },
          "sensitive_attributes": [],
          "private": "bnVsbA==",
          "dependencies": [
            "data.ibm_resource_group.group",
            "ibm_cd_toolchain.toolchain_instance",
            "ibm_cd_toolchain_tool_pipeline.ci_pipeline",
            "module.repositories.ibm_cd_toolchain_tool_hostedgit.app_repo",
            "module.repositories.ibm_cd_toolchain_tool_hostedgit.pipeline_repo",
            "module.repositories.ibm_cd_toolchain_tool_hostedgit.tekton_tasks_catalog_repo",
            "random_string.random"
          ]
        }
      ]
    },
    {
      "module": "module.pipeline-ci",
      "mode": "managed",
      "type": "ibm_cd_tekton_pipeline_property",
      "name": "ci_env_dev_region",
      "provider": "provider[\"registry.terraform.io/ibm-cloud/ibm\"]",
      "instances": [
        {
          "schema_version": 0,
          "attributes": {
            "enum": null,
            "id": "b250573f-8bdb-4fd0-98bd-aef354a06c00/dev-region",
            "name": "dev-region",
            "path": "",
            "pipeline_id": "b250573f-8bdb-4fd0-98bd-aef354a06c00",
            "type": "text",
            "value": "ibm:yp1:us-south"
          },
          "sensitive_attributes": [],
          "private": "bnVsbA==",
          "dependencies": [
            "data.ibm_resource_group.group",
            "ibm_cd_toolchain.toolchain_instance",
            "ibm_cd_toolchain_tool_pipeline.ci_pipeline",
            "module.repositories.ibm_cd_toolchain_tool_hostedgit.app_repo",
            "module.repositories.ibm_cd_toolchain_tool_hostedgit.pipeline_repo",
            "module.repositories.ibm_cd_toolchain_tool_hostedgit.tekton_tasks_catalog_repo",
            "random_string.random"
          ]
        }
      ]
    },
    {
      "module": "module.pipeline-ci",
      "mode": "managed",
      "type": "ibm_cd_tekton_pipeline_property",
      "name": "ci_env_dev_resource_group",
      "provider": "provider[\"registry.terraform.io/ibm-cloud/ibm\"]",
      "instances": [
        {
          "schema_version": 0,
          "attributes": {
            "enum": null,
            "id": "b250573f-8bdb-4fd0-98bd-aef354a06c00/dev-resource-group",
            "name": "dev-resource-group",
            "path": "",
            "pipeline_id": "b250573f-8bdb-4fd0-98bd-aef354a06c00",
            "type": "text",
            "value": "Default"
          },
          "sensitive_attributes": [],
          "private": "bnVsbA==",
          "dependencies": [
            "data.ibm_resource_group.group",
            "ibm_cd_toolchain.toolchain_instance",
            "ibm_cd_toolchain_tool_pipeline.ci_pipeline",
            "module.repositories.ibm_cd_toolchain_tool_hostedgit.app_repo",
            "module.repositories.ibm_cd_toolchain_tool_hostedgit.pipeline_repo",
            "module.repositories.ibm_cd_toolchain_tool_hostedgit.tekton_tasks_catalog_repo",
            "random_string.random"
          ]
        }
      ]
    },
    {
      "module": "module.pipeline-ci",
      "mode": "managed",
      "type": "ibm_cd_tekton_pipeline_property",
      "name": "ci_env_ibmcloud-api",
      "provider": "provider[\"registry.terraform.io/ibm-cloud/ibm\"]",
      "instances": [
        {
          "schema_version": 0,
          "attributes": {
            "enum": null,
            "id": "b250573f-8bdb-4fd0-98bd-aef354a06c00/ibmcloud-api",
            "name": "ibmcloud-api",
            "path": "",
            "pipeline_id": "b250573f-8bdb-4fd0-98bd-aef354a06c00",
            "type": "text",
            "value": "https://cloud.ibm.com"
          },
          "sensitive_attributes": [],
          "private": "bnVsbA==",
          "dependencies": [
            "data.ibm_resource_group.group",
            "ibm_cd_toolchain.toolchain_instance",
            "ibm_cd_toolchain_tool_pipeline.ci_pipeline",
            "module.repositories.ibm_cd_toolchain_tool_hostedgit.app_repo",
            "module.repositories.ibm_cd_toolchain_tool_hostedgit.pipeline_repo",
            "module.repositories.ibm_cd_toolchain_tool_hostedgit.tekton_tasks_catalog_repo",
            "random_string.random"
          ]
        }
      ]
    },
    {
      "module": "module.pipeline-ci",
      "mode": "managed",
      "type": "ibm_cd_tekton_pipeline_property",
      "name": "ci_env_image_name",
      "provider": "provider[\"registry.terraform.io/ibm-cloud/ibm\"]",
      "instances": [
        {
          "schema_version": 0,
          "attributes": {
            "enum": null,
            "id": "b250573f-8bdb-4fd0-98bd-aef354a06c00/image-name",
            "name": "image-name",
            "path": "",
            "pipeline_id": "b250573f-8bdb-4fd0-98bd-aef354a06c00",
            "type": "text",
            "value": "simple-helm-app"
          },
          "sensitive_attributes": [],
          "private": "bnVsbA==",
          "dependencies": [
            "data.ibm_resource_group.group",
            "ibm_cd_toolchain.toolchain_instance",
            "ibm_cd_toolchain_tool_pipeline.ci_pipeline",
            "module.repositories.ibm_cd_toolchain_tool_hostedgit.app_repo",
            "module.repositories.ibm_cd_toolchain_tool_hostedgit.pipeline_repo",
            "module.repositories.ibm_cd_toolchain_tool_hostedgit.tekton_tasks_catalog_repo",
            "random_string.random"
          ]
        }
      ]
    },
    {
      "module": "module.pipeline-ci",
      "mode": "managed",
      "type": "ibm_cd_tekton_pipeline_property",
      "name": "ci_env_registry_namespace",
      "provider": "provider[\"registry.terraform.io/ibm-cloud/ibm\"]",
      "instances": [
        {
          "schema_version": 0,
          "attributes": {
            "enum": null,
            "id": "b250573f-8bdb-4fd0-98bd-aef354a06c00/registry-namespace",
            "name": "registry-namespace",
            "path": "",
            "pipeline_id": "b250573f-8bdb-4fd0-98bd-aef354a06c00",
            "type": "text",
            "value": "arif3-test"
          },
          "sensitive_attributes": [],
          "private": "bnVsbA==",
          "dependencies": [
            "data.ibm_resource_group.group",
            "ibm_cd_toolchain.toolchain_instance",
            "ibm_cd_toolchain_tool_pipeline.ci_pipeline",
            "module.repositories.ibm_cd_toolchain_tool_hostedgit.app_repo",
            "module.repositories.ibm_cd_toolchain_tool_hostedgit.pipeline_repo",
            "module.repositories.ibm_cd_toolchain_tool_hostedgit.tekton_tasks_catalog_repo",
            "random_string.random"
          ]
        }
      ]
    },
    {
      "module": "module.pipeline-ci",
      "mode": "managed",
      "type": "ibm_cd_tekton_pipeline_property",
      "name": "ci_env_registry_region",
      "provider": "provider[\"registry.terraform.io/ibm-cloud/ibm\"]",
      "instances": [
        {
          "schema_version": 0,
          "attributes": {
            "enum": null,
            "id": "b250573f-8bdb-4fd0-98bd-aef354a06c00/registry-region",
            "name": "registry-region",
            "path": "",
            "pipeline_id": "b250573f-8bdb-4fd0-98bd-aef354a06c00",
            "type": "text",
            "value": "ibm:yp1:us-south"
          },
          "sensitive_attributes": [],
          "private": "bnVsbA==",
          "dependencies": [
            "data.ibm_resource_group.group",
            "ibm_cd_toolchain.toolchain_instance",
            "ibm_cd_toolchain_tool_pipeline.ci_pipeline",
            "module.repositories.ibm_cd_toolchain_tool_hostedgit.app_repo",
            "module.repositories.ibm_cd_toolchain_tool_hostedgit.pipeline_repo",
            "module.repositories.ibm_cd_toolchain_tool_hostedgit.tekton_tasks_catalog_repo",
            "random_string.random"
          ]
        }
      ]
    },
    {
      "module": "module.pipeline-ci",
      "mode": "managed",
      "type": "ibm_cd_tekton_pipeline_property",
      "name": "ci_env_repository",
      "provider": "provider[\"registry.terraform.io/ibm-cloud/ibm\"]",
      "instances": [
        {
          "schema_version": 0,
          "attributes": {
            "enum": null,
            "id": "b250573f-8bdb-4fd0-98bd-aef354a06c00/repository",
            "name": "repository",
            "path": "",
            "pipeline_id": "b250573f-8bdb-4fd0-98bd-aef354a06c00",
            "type": "text",
            "value": "https://us-south.git.cloud.ibm.com/Sami_channa/ayrf-app-repo.git"
          },
          "sensitive_attributes": [],
          "private": "bnVsbA==",
          "dependencies": [
            "data.ibm_resource_group.group",
            "ibm_cd_toolchain.toolchain_instance",
            "ibm_cd_toolchain_tool_pipeline.ci_pipeline",
            "module.repositories.ibm_cd_toolchain_tool_hostedgit.app_repo",
            "module.repositories.ibm_cd_toolchain_tool_hostedgit.pipeline_repo",
            "module.repositories.ibm_cd_toolchain_tool_hostedgit.tekton_tasks_catalog_repo",
            "random_string.random"
          ]
        }
      ]
    },
    {
      "module": "module.pipeline-ci",
      "mode": "managed",
      "type": "ibm_cd_tekton_pipeline_property",
      "name": "ci_env_toolchain_apikey",
      "provider": "provider[\"registry.terraform.io/ibm-cloud/ibm\"]",
      "instances": [
        {
          "schema_version": 0,
          "attributes": {
            "enum": null,
            "id": "b250573f-8bdb-4fd0-98bd-aef354a06c00/toolchain-apikey",
            "name": "toolchain-apikey",
            "path": "",
            "pipeline_id": "b250573f-8bdb-4fd0-98bd-aef354a06c00",
            "type": "secure",
            "value": "hash:SHA3-512:751798110184cc2be1bd050115be290b31a20ac847311ceddadc22f7c3f9ab14c1232d5ba8af1b7a05e59943ae61355af2c4adcf627a17ef7e643437f24b4a3b"
          },
          "sensitive_attributes": [],
          "private": "bnVsbA==",
          "dependencies": [
            "data.ibm_resource_group.group",
            "ibm_cd_toolchain.toolchain_instance",
            "ibm_cd_toolchain_tool_pipeline.ci_pipeline",
            "module.repositories.ibm_cd_toolchain_tool_hostedgit.app_repo",
            "module.repositories.ibm_cd_toolchain_tool_hostedgit.pipeline_repo",
            "module.repositories.ibm_cd_toolchain_tool_hostedgit.tekton_tasks_catalog_repo",
            "random_string.random"
          ]
        }
      ]
    },
    {
      "module": "module.pipeline-ci",
      "mode": "managed",
      "type": "ibm_cd_tekton_pipeline_trigger",
      "name": "ci_pipeline_manual_trigger",
      "provider": "provider[\"registry.terraform.io/ibm-cloud/ibm\"]",
      "instances": [
        {
          "schema_version": 0,
          "attributes": {
            "cron": "",
            "enabled": true,
            "event_listener": "manual-run",
            "events": null,
            "href": "https://devops-api.us-south.devops.cloud.ibm.com/pipeline/v2/tekton_pipelines/b250573f-8bdb-4fd0-98bd-aef354a06c00/triggers/f248c67e-b3f3-483b-9e62-694925d66c4a",
            "id": "b250573f-8bdb-4fd0-98bd-aef354a06c00/f248c67e-b3f3-483b-9e62-694925d66c4a",
            "max_concurrent_runs": 0,
            "name": "manual-run",
            "pipeline_id": "b250573f-8bdb-4fd0-98bd-aef354a06c00",
            "properties": [],
            "secret": [],
            "source": [],
            "tags": null,
            "timezone": "",
            "trigger_id": "f248c67e-b3f3-483b-9e62-694925d66c4a",
            "type": "manual",
            "webhook_url": "",
            "worker": []
          },
          "sensitive_attributes": [],
          "private": "bnVsbA==",
          "dependencies": [
            "data.ibm_resource_group.group",
            "ibm_cd_toolchain.toolchain_instance",
            "ibm_cd_toolchain_tool_pipeline.ci_pipeline",
            "module.repositories.ibm_cd_toolchain_tool_hostedgit.app_repo",
            "module.repositories.ibm_cd_toolchain_tool_hostedgit.pipeline_repo",
            "module.repositories.ibm_cd_toolchain_tool_hostedgit.tekton_tasks_catalog_repo",
            "random_string.random"
          ]
        }
      ]
    },
    {
      "module": "module.pipeline-ci",
      "mode": "managed",
      "type": "ibm_cd_tekton_pipeline_trigger",
      "name": "ci_pipeline_scm_trigger",
      "provider": "provider[\"registry.terraform.io/ibm-cloud/ibm\"]",
      "instances": [
        {
          "schema_version": 0,
          "attributes": {
            "cron": "",
            "enabled": true,
            "event_listener": "grit-or-gitlab-commit",
            "events": [
              "push",
              "pull_request"
            ],
            "href": "https://devops-api.us-south.devops.cloud.ibm.com/pipeline/v2/tekton_pipelines/b250573f-8bdb-4fd0-98bd-aef354a06c00/triggers/cf58b2d2-79ed-4f97-8c49-76a4f750956f",
            "id": "b250573f-8bdb-4fd0-98bd-aef354a06c00/cf58b2d2-79ed-4f97-8c49-76a4f750956f",
            "max_concurrent_runs": 1,
            "name": "SCM Trigger",
            "pipeline_id": "b250573f-8bdb-4fd0-98bd-aef354a06c00",
            "properties": [],
            "secret": [],
            "source": [
              {
                "properties": [
                  {
                    "blind_connection": false,
                    "branch": "main",
                    "hook_id": "1630214",
                    "pattern": "",
                    "tool": [
                      {
                        "id": "395648b8-e4c5-43cc-9f77-abe24e84f403"
                      }
                    ],
                    "url": "https://us-south.git.cloud.ibm.com/Sami_channa/ayrf-app-repo.git"
                  }
                ],
                "type": "git"
              }
            ],
            "tags": null,
            "timezone": "",
            "trigger_id": "cf58b2d2-79ed-4f97-8c49-76a4f750956f",
            "type": "scm",
            "webhook_url": "",
            "worker": []
          },
          "sensitive_attributes": [],
          "private": "bnVsbA==",
          "dependencies": [
            "data.ibm_resource_group.group",
            "ibm_cd_toolchain.toolchain_instance",
            "ibm_cd_toolchain_tool_pipeline.ci_pipeline",
            "module.pipeline-ci.ibm_cd_tekton_pipeline.ci_pipeline_instance",
            "module.repositories.ibm_cd_toolchain_tool_hostedgit.app_repo",
            "module.repositories.ibm_cd_toolchain_tool_hostedgit.pipeline_repo",
            "module.repositories.ibm_cd_toolchain_tool_hostedgit.tekton_tasks_catalog_repo",
            "random_string.random"
          ]
        }
      ]
    },
    {
      "module": "module.repositories",
      "mode": "managed",
      "type": "ibm_cd_toolchain_tool_hostedgit",
      "name": "app_repo",
      "provider": "provider[\"registry.terraform.io/ibm-cloud/ibm\"]",
      "instances": [
        {
          "schema_version": 0,
          "attributes": {
            "crn": "crn:v1:bluemix:public:toolchain:us-south:a/310f43797c2a4e74a93d3122f8699ebe:c7006874-a1e5-4497-a84a-881a2ec0cd7c:tool:395648b8-e4c5-43cc-9f77-abe24e84f403",
            "href": "https://api.us-south.devops.cloud.ibm.com/toolchain/v2/toolchains/c7006874-a1e5-4497-a84a-881a2ec0cd7c/tools/395648b8-e4c5-43cc-9f77-abe24e84f403",
            "id": "c7006874-a1e5-4497-a84a-881a2ec0cd7c/395648b8-e4c5-43cc-9f77-abe24e84f403",
            "initialization": [
              {
                "git_id": "",
                "owner_id": "",
                "private_repo": true,
                "repo_name": "ayrf-app-repo",
                "repo_url": "",
                "source_repo_url": "https://github.com/marifse/java-liberty-app.git",
                "type": "clone"
              }
            ],
            "name": "app-repo",
            "parameters": [
              {
                "api_root_url": "https://us-south.git.cloud.ibm.com/api",
                "default_branch": "",
                "enable_traceability": true,
                "git_id": "hostedgit",
                "integration_owner": "IBMid-664003TLQ3",
                "owner_id": "Sami_channa",
                "private_repo": true,
                "repo_id": "2235178",
                "repo_name": "ayrf-app-repo",
                "repo_url": "https://us-south.git.cloud.ibm.com/Sami_channa/ayrf-app-repo.git",
                "source_repo_url": "https://github.com/marifse/java-liberty-app.git",
                "token_url": "https://otc-github-consolidated-broker.us-south.devops.cloud.ibm.com/github/token?git_id=hostedgit",
                "toolchain_issues_enabled": true,
                "type": "link"
              }
            ],
            "referent": [
              {
                "api_href": "",
                "ui_href": "https://us-south.git.cloud.ibm.com/Sami_channa/ayrf-app-repo"
              }
            ],
            "resource_group_id": "e33145f2b1294704b47c6f841c91f89c",
            "state": "configured",
            "tool_id": "395648b8-e4c5-43cc-9f77-abe24e84f403",
            "toolchain_crn": "crn:v1:bluemix:public:toolchain:us-south:a/310f43797c2a4e74a93d3122f8699ebe:c7006874-a1e5-4497-a84a-881a2ec0cd7c::",
            "toolchain_id": "c7006874-a1e5-4497-a84a-881a2ec0cd7c",
            "updated_at": "2022-12-21T21:29:37.526Z"
          },
          "sensitive_attributes": [],
          "private": "bnVsbA==",
          "dependencies": [
            "data.ibm_resource_group.group",
            "ibm_cd_toolchain.toolchain_instance",
            "random_string.random"
          ]
        }
      ]
    },
    {
      "module": "module.repositories",
      "mode": "managed",
      "type": "ibm_cd_toolchain_tool_hostedgit",
      "name": "pipeline_repo",
      "provider": "provider[\"registry.terraform.io/ibm-cloud/ibm\"]",
      "instances": [
        {
          "schema_version": 0,
          "attributes": {
            "crn": "crn:v1:bluemix:public:toolchain:us-south:a/310f43797c2a4e74a93d3122f8699ebe:c7006874-a1e5-4497-a84a-881a2ec0cd7c:tool:0665c450-ea24-480f-a8e5-2c3fedfd8d33",
            "href": "https://api.us-south.devops.cloud.ibm.com/toolchain/v2/toolchains/c7006874-a1e5-4497-a84a-881a2ec0cd7c/tools/0665c450-ea24-480f-a8e5-2c3fedfd8d33",
            "id": "c7006874-a1e5-4497-a84a-881a2ec0cd7c/0665c450-ea24-480f-a8e5-2c3fedfd8d33",
            "initialization": [
              {
                "git_id": "",
                "owner_id": "",
                "private_repo": true,
                "repo_name": "ayrf-pipeline-repo",
                "repo_url": "https://us-south.git.cloud.ibm.com/open-toolchain/simple-helm-toolchain.git",
                "source_repo_url": "",
                "type": "clone"
              }
            ],
            "name": "pipeline-repo",
            "parameters": [
              {
                "api_root_url": "https://us-south.git.cloud.ibm.com/api",
                "default_branch": "",
                "enable_traceability": false,
                "git_id": "hostedgit",
                "integration_owner": "IBMid-664003TLQ3",
                "owner_id": "Sami_channa",
                "private_repo": true,
                "repo_id": "2235180",
                "repo_name": "ayrf-pipeline-repo",
                "repo_url": "https://us-south.git.cloud.ibm.com/Sami_channa/ayrf-pipeline-repo.git",
                "source_repo_url": "",
                "token_url": "https://otc-github-consolidated-broker.us-south.devops.cloud.ibm.com/github/token?git_id=hostedgit",
                "toolchain_issues_enabled": true,
                "type": "link"
              }
            ],
            "referent": [
              {
                "api_href": "",
                "ui_href": "https://us-south.git.cloud.ibm.com/Sami_channa/ayrf-pipeline-repo"
              }
            ],
            "resource_group_id": "e33145f2b1294704b47c6f841c91f89c",
            "state": "configured",
            "tool_id": "0665c450-ea24-480f-a8e5-2c3fedfd8d33",
            "toolchain_crn": "crn:v1:bluemix:public:toolchain:us-south:a/310f43797c2a4e74a93d3122f8699ebe:c7006874-a1e5-4497-a84a-881a2ec0cd7c::",
            "toolchain_id": "c7006874-a1e5-4497-a84a-881a2ec0cd7c",
            "updated_at": "2022-12-21T21:29:41.017Z"
          },
          "sensitive_attributes": [],
          "private": "bnVsbA==",
          "dependencies": [
            "data.ibm_resource_group.group",
            "ibm_cd_toolchain.toolchain_instance",
            "random_string.random"
          ]
        }
      ]
    },
    {
      "module": "module.repositories",
      "mode": "managed",
      "type": "ibm_cd_toolchain_tool_hostedgit",
      "name": "tekton_tasks_catalog_repo",
      "provider": "provider[\"registry.terraform.io/ibm-cloud/ibm\"]",
      "instances": [
        {
          "schema_version": 0,
          "attributes": {
            "crn": "crn:v1:bluemix:public:toolchain:us-south:a/310f43797c2a4e74a93d3122f8699ebe:c7006874-a1e5-4497-a84a-881a2ec0cd7c:tool:3f3951ab-3e05-405a-b4a4-1a51389078d3",
            "href": "https://api.us-south.devops.cloud.ibm.com/toolchain/v2/toolchains/c7006874-a1e5-4497-a84a-881a2ec0cd7c/tools/3f3951ab-3e05-405a-b4a4-1a51389078d3",
            "id": "c7006874-a1e5-4497-a84a-881a2ec0cd7c/3f3951ab-3e05-405a-b4a4-1a51389078d3",
            "initialization": [
              {
                "git_id": "",
                "owner_id": "",
                "private_repo": true,
                "repo_name": "ayrf-tasks-repo",
                "repo_url": "https://us-south.git.cloud.ibm.com/open-toolchain/tekton-catalog.git",
                "source_repo_url": "",
                "type": "clone"
              }
            ],
            "name": "tasks-repo",
            "parameters": [
              {
                "api_root_url": "https://us-south.git.cloud.ibm.com/api",
                "default_branch": "",
                "enable_traceability": false,
                "git_id": "hostedgit",
                "integration_owner": "IBMid-664003TLQ3",
                "owner_id": "Sami_channa",
                "private_repo": true,
                "repo_id": "2235179",
                "repo_name": "ayrf-tasks-repo",
                "repo_url": "https://us-south.git.cloud.ibm.com/Sami_channa/ayrf-tasks-repo.git",
                "source_repo_url": "",
                "token_url": "https://otc-github-consolidated-broker.us-south.devops.cloud.ibm.com/github/token?git_id=hostedgit",
                "toolchain_issues_enabled": true,
                "type": "link"
              }
            ],
            "referent": [
              {
                "api_href": "",
                "ui_href": "https://us-south.git.cloud.ibm.com/Sami_channa/ayrf-tasks-repo"
              }
            ],
            "resource_group_id": "e33145f2b1294704b47c6f841c91f89c",
            "state": "configured",
            "tool_id": "3f3951ab-3e05-405a-b4a4-1a51389078d3",
            "toolchain_crn": "crn:v1:bluemix:public:toolchain:us-south:a/310f43797c2a4e74a93d3122f8699ebe:c7006874-a1e5-4497-a84a-881a2ec0cd7c::",
            "toolchain_id": "c7006874-a1e5-4497-a84a-881a2ec0cd7c",
            "updated_at": "2022-12-21T21:29:46.630Z"
          },
          "sensitive_attributes": [],
          "private": "bnVsbA==",
          "dependencies": [
            "data.ibm_resource_group.group",
            "ibm_cd_toolchain.toolchain_instance",
            "random_string.random"
          ]
        }
      ]
    }
  ],
  "check_results": null
}
